// !$*UTF8*$!
{
	archiveVersion = 1;
	classes = {
	};
	objectVersion = 50;
	objects = {

/* Begin PBXBuildFile section */
		9D547C1022CA0CAF001D8872 /* AppDelegate.swift in Sources */ = {isa = PBXBuildFile; fileRef = 9D547C0F22CA0CAF001D8872 /* AppDelegate.swift */; };
		9D547C1522CA0CAF001D8872 /* Main.storyboard in Resources */ = {isa = PBXBuildFile; fileRef = 9D547C1322CA0CAF001D8872 /* Main.storyboard */; };
		9D547C1722CA0CB1001D8872 /* Assets.xcassets in Resources */ = {isa = PBXBuildFile; fileRef = 9D547C1622CA0CB1001D8872 /* Assets.xcassets */; };
		9D547C1A22CA0CB1001D8872 /* LaunchScreen.storyboard in Resources */ = {isa = PBXBuildFile; fileRef = 9D547C1822CA0CB1001D8872 /* LaunchScreen.storyboard */; };
		9D547C2522CA0CB1001D8872 /* alignDevTests.swift in Sources */ = {isa = PBXBuildFile; fileRef = 9D547C2422CA0CB1001D8872 /* alignDevTests.swift */; };
		9D547C3022CA0CB1001D8872 /* alignDevUITests.swift in Sources */ = {isa = PBXBuildFile; fileRef = 9D547C2F22CA0CB1001D8872 /* alignDevUITests.swift */; };
		9D547C3F22CA0D48001D8872 /* RegistrationViewController.swift in Sources */ = {isa = PBXBuildFile; fileRef = 9D547C3D22CA0D48001D8872 /* RegistrationViewController.swift */; };
		9D547C4022CA0D48001D8872 /* RegistrationViewController.xib in Resources */ = {isa = PBXBuildFile; fileRef = 9D547C3E22CA0D48001D8872 /* RegistrationViewController.xib */; };
		9D70BCC322CA3FEC00EF18AD /* AppSettings.swift in Sources */ = {isa = PBXBuildFile; fileRef = 9D70BCC022CA3FEC00EF18AD /* AppSettings.swift */; };
		9D70BCC422CA3FEC00EF18AD /* Constants.swift in Sources */ = {isa = PBXBuildFile; fileRef = 9D70BCC122CA3FEC00EF18AD /* Constants.swift */; };
		9D70BCC522CA3FEC00EF18AD /* Settings.bundle in Resources */ = {isa = PBXBuildFile; fileRef = 9D70BCC222CA3FEC00EF18AD /* Settings.bundle */; };
		9D70BCC722CA472300EF18AD /* StringCategory.swift in Sources */ = {isa = PBXBuildFile; fileRef = 9D70BCC622CA472300EF18AD /* StringCategory.swift */; };
		9DFEAEB222CA1F52000FB757 /* LoginViewController.swift in Sources */ = {isa = PBXBuildFile; fileRef = 9DFEAEB022CA1F51000FB757 /* LoginViewController.swift */; };
		9DFEAEB322CA1F52000FB757 /* LoginViewController.xib in Resources */ = {isa = PBXBuildFile; fileRef = 9DFEAEB122CA1F52000FB757 /* LoginViewController.xib */; };
		9DFEAEB522CA2094000FB757 /* UIViewControllerCategory.swift in Sources */ = {isa = PBXBuildFile; fileRef = 9DFEAEB422CA2094000FB757 /* UIViewControllerCategory.swift */; };
		9DFEAEC522CA2848000FB757 /* iGBSProgressHUD.swift in Sources */ = {isa = PBXBuildFile; fileRef = 9DFEAEB822CA2847000FB757 /* iGBSProgressHUD.swift */; };
		9DFEAEC622CA2848000FB757 /* MBProgressHUD.m in Sources */ = {isa = PBXBuildFile; fileRef = 9DFEAEB922CA2847000FB757 /* MBProgressHUD.m */; };
		9DFEAEC722CA2848000FB757 /* HttpUtils.swift in Sources */ = {isa = PBXBuildFile; fileRef = 9DFEAEBA22CA2847000FB757 /* HttpUtils.swift */; };
		9DFEAEC822CA2848000FB757 /* DataExtension.swift in Sources */ = {isa = PBXBuildFile; fileRef = 9DFEAEBB22CA2847000FB757 /* DataExtension.swift */; };
		9DFEAEC922CA2848000FB757 /* HitTestView.swift in Sources */ = {isa = PBXBuildFile; fileRef = 9DFEAEBC22CA2847000FB757 /* HitTestView.swift */; };
		9DFEAECA22CA2848000FB757 /* UILabelExtensions.swift in Sources */ = {isa = PBXBuildFile; fileRef = 9DFEAEBD22CA2847000FB757 /* UILabelExtensions.swift */; };
		9DFEAECB22CA2848000FB757 /* UIViewCategory.m in Sources */ = {isa = PBXBuildFile; fileRef = 9DFEAEBF22CA2847000FB757 /* UIViewCategory.m */; };
		9DFEAECC22CA2848000FB757 /* UIColor+extensions.swift in Sources */ = {isa = PBXBuildFile; fileRef = 9DFEAEC022CA2847000FB757 /* UIColor+extensions.swift */; };
		9DFEAECE22CA2848000FB757 /* StyleKit.swift in Sources */ = {isa = PBXBuildFile; fileRef = 9DFEAEC222CA2848000FB757 /* StyleKit.swift */; };
		9DFEAED022CA2848000FB757 /* HttpOperation.swift in Sources */ = {isa = PBXBuildFile; fileRef = 9DFEAEC422CA2848000FB757 /* HttpOperation.swift */; };
/* End PBXBuildFile section */

/* Begin PBXContainerItemProxy section */
		9D547C2122CA0CB1001D8872 /* PBXContainerItemProxy */ = {
			isa = PBXContainerItemProxy;
			containerPortal = 9D547C0422CA0CAF001D8872 /* Project object */;
			proxyType = 1;
			remoteGlobalIDString = 9D547C0B22CA0CAF001D8872;
			remoteInfo = alignDev;
		};
		9D547C2C22CA0CB1001D8872 /* PBXContainerItemProxy */ = {
			isa = PBXContainerItemProxy;
			containerPortal = 9D547C0422CA0CAF001D8872 /* Project object */;
			proxyType = 1;
			remoteGlobalIDString = 9D547C0B22CA0CAF001D8872;
			remoteInfo = alignDev;
		};
/* End PBXContainerItemProxy section */

/* Begin PBXFileReference section */
		9D547C0C22CA0CAF001D8872 /* alignDev.app */ = {isa = PBXFileReference; explicitFileType = wrapper.application; includeInIndex = 0; path = alignDev.app; sourceTree = BUILT_PRODUCTS_DIR; };
		9D547C0F22CA0CAF001D8872 /* AppDelegate.swift */ = {isa = PBXFileReference; lastKnownFileType = sourcecode.swift; path = AppDelegate.swift; sourceTree = "<group>"; };
		9D547C1422CA0CAF001D8872 /* Base */ = {isa = PBXFileReference; lastKnownFileType = file.storyboard; name = Base; path = Base.lproj/Main.storyboard; sourceTree = "<group>"; };
		9D547C1622CA0CB1001D8872 /* Assets.xcassets */ = {isa = PBXFileReference; lastKnownFileType = folder.assetcatalog; path = Assets.xcassets; sourceTree = "<group>"; };
		9D547C1922CA0CB1001D8872 /* Base */ = {isa = PBXFileReference; lastKnownFileType = file.storyboard; name = Base; path = Base.lproj/LaunchScreen.storyboard; sourceTree = "<group>"; };
		9D547C1B22CA0CB1001D8872 /* Info.plist */ = {isa = PBXFileReference; lastKnownFileType = text.plist.xml; path = Info.plist; sourceTree = "<group>"; };
		9D547C2022CA0CB1001D8872 /* alignDevTests.xctest */ = {isa = PBXFileReference; explicitFileType = wrapper.cfbundle; includeInIndex = 0; path = alignDevTests.xctest; sourceTree = BUILT_PRODUCTS_DIR; };
		9D547C2422CA0CB1001D8872 /* alignDevTests.swift */ = {isa = PBXFileReference; lastKnownFileType = sourcecode.swift; path = alignDevTests.swift; sourceTree = "<group>"; };
		9D547C2622CA0CB1001D8872 /* Info.plist */ = {isa = PBXFileReference; lastKnownFileType = text.plist.xml; path = Info.plist; sourceTree = "<group>"; };
		9D547C2B22CA0CB1001D8872 /* alignDevUITests.xctest */ = {isa = PBXFileReference; explicitFileType = wrapper.cfbundle; includeInIndex = 0; path = alignDevUITests.xctest; sourceTree = BUILT_PRODUCTS_DIR; };
		9D547C2F22CA0CB1001D8872 /* alignDevUITests.swift */ = {isa = PBXFileReference; lastKnownFileType = sourcecode.swift; path = alignDevUITests.swift; sourceTree = "<group>"; };
		9D547C3122CA0CB1001D8872 /* Info.plist */ = {isa = PBXFileReference; lastKnownFileType = text.plist.xml; path = Info.plist; sourceTree = "<group>"; };
		9D547C3D22CA0D48001D8872 /* RegistrationViewController.swift */ = {isa = PBXFileReference; lastKnownFileType = sourcecode.swift; path = RegistrationViewController.swift; sourceTree = "<group>"; };
		9D547C3E22CA0D48001D8872 /* RegistrationViewController.xib */ = {isa = PBXFileReference; lastKnownFileType = file.xib; path = RegistrationViewController.xib; sourceTree = "<group>"; };
		9D70BCC022CA3FEC00EF18AD /* AppSettings.swift */ = {isa = PBXFileReference; fileEncoding = 4; lastKnownFileType = sourcecode.swift; name = AppSettings.swift; path = alignDev/Settings/AppSettings.swift; sourceTree = SOURCE_ROOT; };
		9D70BCC122CA3FEC00EF18AD /* Constants.swift */ = {isa = PBXFileReference; fileEncoding = 4; lastKnownFileType = sourcecode.swift; name = Constants.swift; path = alignDev/Settings/Constants.swift; sourceTree = SOURCE_ROOT; };
		9D70BCC222CA3FEC00EF18AD /* Settings.bundle */ = {isa = PBXFileReference; lastKnownFileType = "wrapper.plug-in"; name = Settings.bundle; path = alignDev/Settings/Settings.bundle; sourceTree = SOURCE_ROOT; };
		9D70BCC622CA472300EF18AD /* StringCategory.swift */ = {isa = PBXFileReference; lastKnownFileType = sourcecode.swift; path = StringCategory.swift; sourceTree = "<group>"; };
		9DFEAEB022CA1F51000FB757 /* LoginViewController.swift */ = {isa = PBXFileReference; fileEncoding = 4; lastKnownFileType = sourcecode.swift; path = LoginViewController.swift; sourceTree = "<group>"; };
		9DFEAEB122CA1F52000FB757 /* LoginViewController.xib */ = {isa = PBXFileReference; fileEncoding = 4; lastKnownFileType = file.xib; path = LoginViewController.xib; sourceTree = "<group>"; };
		9DFEAEB422CA2094000FB757 /* UIViewControllerCategory.swift */ = {isa = PBXFileReference; fileEncoding = 4; lastKnownFileType = sourcecode.swift; path = UIViewControllerCategory.swift; sourceTree = "<group>"; };
		9DFEAEB622CA2846000FB757 /* alignDev-Bridging-Header.h */ = {isa = PBXFileReference; lastKnownFileType = sourcecode.c.h; path = "alignDev-Bridging-Header.h"; sourceTree = "<group>"; };
		9DFEAEB722CA2847000FB757 /* MBProgressHUD.h */ = {isa = PBXFileReference; fileEncoding = 4; lastKnownFileType = sourcecode.c.h; path = MBProgressHUD.h; sourceTree = "<group>"; };
		9DFEAEB822CA2847000FB757 /* iGBSProgressHUD.swift */ = {isa = PBXFileReference; fileEncoding = 4; lastKnownFileType = sourcecode.swift; path = iGBSProgressHUD.swift; sourceTree = "<group>"; };
		9DFEAEB922CA2847000FB757 /* MBProgressHUD.m */ = {isa = PBXFileReference; fileEncoding = 4; lastKnownFileType = sourcecode.c.objc; path = MBProgressHUD.m; sourceTree = "<group>"; };
		9DFEAEBA22CA2847000FB757 /* HttpUtils.swift */ = {isa = PBXFileReference; fileEncoding = 4; lastKnownFileType = sourcecode.swift; path = HttpUtils.swift; sourceTree = "<group>"; };
		9DFEAEBB22CA2847000FB757 /* DataExtension.swift */ = {isa = PBXFileReference; fileEncoding = 4; lastKnownFileType = sourcecode.swift; path = DataExtension.swift; sourceTree = "<group>"; };
		9DFEAEBC22CA2847000FB757 /* HitTestView.swift */ = {isa = PBXFileReference; fileEncoding = 4; lastKnownFileType = sourcecode.swift; path = HitTestView.swift; sourceTree = "<group>"; };
		9DFEAEBD22CA2847000FB757 /* UILabelExtensions.swift */ = {isa = PBXFileReference; fileEncoding = 4; lastKnownFileType = sourcecode.swift; path = UILabelExtensions.swift; sourceTree = "<group>"; };
		9DFEAEBE22CA2847000FB757 /* UIViewCategory.h */ = {isa = PBXFileReference; fileEncoding = 4; lastKnownFileType = sourcecode.c.h; path = UIViewCategory.h; sourceTree = "<group>"; };
		9DFEAEBF22CA2847000FB757 /* UIViewCategory.m */ = {isa = PBXFileReference; fileEncoding = 4; lastKnownFileType = sourcecode.c.objc; path = UIViewCategory.m; sourceTree = "<group>"; };
		9DFEAEC022CA2847000FB757 /* UIColor+extensions.swift */ = {isa = PBXFileReference; fileEncoding = 4; lastKnownFileType = sourcecode.swift; path = "UIColor+extensions.swift"; sourceTree = "<group>"; };
		9DFEAEC222CA2848000FB757 /* StyleKit.swift */ = {isa = PBXFileReference; fileEncoding = 4; lastKnownFileType = sourcecode.swift; path = StyleKit.swift; sourceTree = "<group>"; };
		9DFEAEC422CA2848000FB757 /* HttpOperation.swift */ = {isa = PBXFileReference; fileEncoding = 4; lastKnownFileType = sourcecode.swift; path = HttpOperation.swift; sourceTree = "<group>"; };
/* End PBXFileReference section */

/* Begin PBXFrameworksBuildPhase section */
		9D547C0922CA0CAF001D8872 /* Frameworks */ = {
			isa = PBXFrameworksBuildPhase;
			buildActionMask = 2147483647;
			files = (
			);
			runOnlyForDeploymentPostprocessing = 0;
		};
		9D547C1D22CA0CB1001D8872 /* Frameworks */ = {
			isa = PBXFrameworksBuildPhase;
			buildActionMask = 2147483647;
			files = (
			);
			runOnlyForDeploymentPostprocessing = 0;
		};
		9D547C2822CA0CB1001D8872 /* Frameworks */ = {
			isa = PBXFrameworksBuildPhase;
			buildActionMask = 2147483647;
			files = (
			);
			runOnlyForDeploymentPostprocessing = 0;
		};
/* End PBXFrameworksBuildPhase section */

/* Begin PBXGroup section */
		9D547C0322CA0CAF001D8872 = {
			isa = PBXGroup;
			children = (
				9D547C0E22CA0CAF001D8872 /* alignDev */,
				9D547C2322CA0CB1001D8872 /* alignDevTests */,
				9D547C2E22CA0CB1001D8872 /* alignDevUITests */,
				9D547C0D22CA0CAF001D8872 /* Products */,
			);
			sourceTree = "<group>";
		};
		9D547C0D22CA0CAF001D8872 /* Products */ = {
			isa = PBXGroup;
			children = (
				9D547C0C22CA0CAF001D8872 /* alignDev.app */,
				9D547C2022CA0CB1001D8872 /* alignDevTests.xctest */,
				9D547C2B22CA0CB1001D8872 /* alignDevUITests.xctest */,
			);
			name = Products;
			sourceTree = "<group>";
		};
		9D547C0E22CA0CAF001D8872 /* alignDev */ = {
			isa = PBXGroup;
			children = (
				9D70BCBF22CA3FCD00EF18AD /* Settings */,
				9DFEAED222CA2A75000FB757 /* Models */,
				9DFEAED122CA2A6B000FB757 /* Views */,
				9DFEAEAF22CA1F15000FB757 /* Utils */,
				9DFEAEAE22CA1F07000FB757 /* Controllers */,
				9D547C0F22CA0CAF001D8872 /* AppDelegate.swift */,
				9D547C1322CA0CAF001D8872 /* Main.storyboard */,
				9D547C1622CA0CB1001D8872 /* Assets.xcassets */,
				9D547C1822CA0CB1001D8872 /* LaunchScreen.storyboard */,
				9D547C1B22CA0CB1001D8872 /* Info.plist */,
			);
			path = alignDev;
			sourceTree = "<group>";
		};
		9D547C2322CA0CB1001D8872 /* alignDevTests */ = {
			isa = PBXGroup;
			children = (
				9D547C2422CA0CB1001D8872 /* alignDevTests.swift */,
				9D547C2622CA0CB1001D8872 /* Info.plist */,
			);
			path = alignDevTests;
			sourceTree = "<group>";
		};
		9D547C2E22CA0CB1001D8872 /* alignDevUITests */ = {
			isa = PBXGroup;
			children = (
				9D547C2F22CA0CB1001D8872 /* alignDevUITests.swift */,
				9D547C3122CA0CB1001D8872 /* Info.plist */,
			);
			path = alignDevUITests;
			sourceTree = "<group>";
		};
		9D70BCBF22CA3FCD00EF18AD /* Settings */ = {
			isa = PBXGroup;
			children = (
				9D70BCC022CA3FEC00EF18AD /* AppSettings.swift */,
				9D70BCC122CA3FEC00EF18AD /* Constants.swift */,
				9D70BCC222CA3FEC00EF18AD /* Settings.bundle */,
			);
			name = Settings;
			path = "New Group";
			sourceTree = "<group>";
		};
		9DFEAEAE22CA1F07000FB757 /* Controllers */ = {
			isa = PBXGroup;
			children = (
				9DFEAEB022CA1F51000FB757 /* LoginViewController.swift */,
				9DFEAEB122CA1F52000FB757 /* LoginViewController.xib */,
				9D547C3D22CA0D48001D8872 /* RegistrationViewController.swift */,
				9D547C3E22CA0D48001D8872 /* RegistrationViewController.xib */,
			);
			path = Controllers;
			sourceTree = "<group>";
		};
		9DFEAEAF22CA1F15000FB757 /* Utils */ = {
			isa = PBXGroup;
			children = (
				9DFEAEBB22CA2847000FB757 /* DataExtension.swift */,
				9DFEAEBC22CA2847000FB757 /* HitTestView.swift */,
				9DFEAEC422CA2848000FB757 /* HttpOperation.swift */,
				9DFEAEBA22CA2847000FB757 /* HttpUtils.swift */,
				9DFEAEB822CA2847000FB757 /* iGBSProgressHUD.swift */,
				9DFEAEB722CA2847000FB757 /* MBProgressHUD.h */,
				9DFEAEB922CA2847000FB757 /* MBProgressHUD.m */,
				9DFEAEC222CA2848000FB757 /* StyleKit.swift */,
				9DFEAEC022CA2847000FB757 /* UIColor+extensions.swift */,
				9DFEAEBD22CA2847000FB757 /* UILabelExtensions.swift */,
				9DFEAEBE22CA2847000FB757 /* UIViewCategory.h */,
				9DFEAEBF22CA2847000FB757 /* UIViewCategory.m */,
				9DFEAEB422CA2094000FB757 /* UIViewControllerCategory.swift */,
				9DFEAEB622CA2846000FB757 /* alignDev-Bridging-Header.h */,
				9D70BCC622CA472300EF18AD /* StringCategory.swift */,
			);
			path = Utils;
			sourceTree = "<group>";
		};
		9DFEAED122CA2A6B000FB757 /* Views */ = {
			isa = PBXGroup;
			children = (
			);
			path = Views;
			sourceTree = "<group>";
		};
		9DFEAED222CA2A75000FB757 /* Models */ = {
			isa = PBXGroup;
			children = (
			);
			path = Models;
			sourceTree = "<group>";
		};
/* End PBXGroup section */

/* Begin PBXNativeTarget section */
		9D547C0B22CA0CAF001D8872 /* alignDev */ = {
			isa = PBXNativeTarget;
			buildConfigurationList = 9D547C3422CA0CB1001D8872 /* Build configuration list for PBXNativeTarget "alignDev" */;
			buildPhases = (
				9D547C0822CA0CAF001D8872 /* Sources */,
				9D547C0922CA0CAF001D8872 /* Frameworks */,
				9D547C0A22CA0CAF001D8872 /* Resources */,
			);
			buildRules = (
			);
			dependencies = (
			);
			name = alignDev;
			productName = alignDev;
			productReference = 9D547C0C22CA0CAF001D8872 /* alignDev.app */;
			productType = "com.apple.product-type.application";
		};
		9D547C1F22CA0CB1001D8872 /* alignDevTests */ = {
			isa = PBXNativeTarget;
			buildConfigurationList = 9D547C3722CA0CB1001D8872 /* Build configuration list for PBXNativeTarget "alignDevTests" */;
			buildPhases = (
				9D547C1C22CA0CB1001D8872 /* Sources */,
				9D547C1D22CA0CB1001D8872 /* Frameworks */,
				9D547C1E22CA0CB1001D8872 /* Resources */,
			);
			buildRules = (
			);
			dependencies = (
				9D547C2222CA0CB1001D8872 /* PBXTargetDependency */,
			);
			name = alignDevTests;
			productName = alignDevTests;
			productReference = 9D547C2022CA0CB1001D8872 /* alignDevTests.xctest */;
			productType = "com.apple.product-type.bundle.unit-test";
		};
		9D547C2A22CA0CB1001D8872 /* alignDevUITests */ = {
			isa = PBXNativeTarget;
			buildConfigurationList = 9D547C3A22CA0CB1001D8872 /* Build configuration list for PBXNativeTarget "alignDevUITests" */;
			buildPhases = (
				9D547C2722CA0CB1001D8872 /* Sources */,
				9D547C2822CA0CB1001D8872 /* Frameworks */,
				9D547C2922CA0CB1001D8872 /* Resources */,
			);
			buildRules = (
			);
			dependencies = (
				9D547C2D22CA0CB1001D8872 /* PBXTargetDependency */,
			);
			name = alignDevUITests;
			productName = alignDevUITests;
			productReference = 9D547C2B22CA0CB1001D8872 /* alignDevUITests.xctest */;
			productType = "com.apple.product-type.bundle.ui-testing";
		};
/* End PBXNativeTarget section */

/* Begin PBXProject section */
		9D547C0422CA0CAF001D8872 /* Project object */ = {
			isa = PBXProject;
			attributes = {
				LastSwiftUpdateCheck = 1010;
				LastUpgradeCheck = 1010;
				ORGANIZATIONNAME = "汪奇伟";
				TargetAttributes = {
					9D547C0B22CA0CAF001D8872 = {
						CreatedOnToolsVersion = 10.1;
						LastSwiftMigration = 1010;
					};
					9D547C1F22CA0CB1001D8872 = {
						CreatedOnToolsVersion = 10.1;
						TestTargetID = 9D547C0B22CA0CAF001D8872;
					};
					9D547C2A22CA0CB1001D8872 = {
						CreatedOnToolsVersion = 10.1;
						TestTargetID = 9D547C0B22CA0CAF001D8872;
					};
				};
			};
			buildConfigurationList = 9D547C0722CA0CAF001D8872 /* Build configuration list for PBXProject "alignDev" */;
			compatibilityVersion = "Xcode 9.3";
			developmentRegion = en;
			hasScannedForEncodings = 0;
			knownRegions = (
				en,
				Base,
			);
			mainGroup = 9D547C0322CA0CAF001D8872;
			productRefGroup = 9D547C0D22CA0CAF001D8872 /* Products */;
			projectDirPath = "";
			projectRoot = "";
			targets = (
				9D547C0B22CA0CAF001D8872 /* alignDev */,
				9D547C1F22CA0CB1001D8872 /* alignDevTests */,
				9D547C2A22CA0CB1001D8872 /* alignDevUITests */,
			);
		};
/* End PBXProject section */

/* Begin PBXResourcesBuildPhase section */
		9D547C0A22CA0CAF001D8872 /* Resources */ = {
			isa = PBXResourcesBuildPhase;
			buildActionMask = 2147483647;
			files = (
				9DFEAEB322CA1F52000FB757 /* LoginViewController.xib in Resources */,
				9D547C1A22CA0CB1001D8872 /* LaunchScreen.storyboard in Resources */,
				9D547C1722CA0CB1001D8872 /* Assets.xcassets in Resources */,
				9D547C4022CA0D48001D8872 /* RegistrationViewController.xib in Resources */,
				9D70BCC522CA3FEC00EF18AD /* Settings.bundle in Resources */,
				9D547C1522CA0CAF001D8872 /* Main.storyboard in Resources */,
			);
			runOnlyForDeploymentPostprocessing = 0;
		};
		9D547C1E22CA0CB1001D8872 /* Resources */ = {
			isa = PBXResourcesBuildPhase;
			buildActionMask = 2147483647;
			files = (
			);
			runOnlyForDeploymentPostprocessing = 0;
		};
		9D547C2922CA0CB1001D8872 /* Resources */ = {
			isa = PBXResourcesBuildPhase;
			buildActionMask = 2147483647;
			files = (
			);
			runOnlyForDeploymentPostprocessing = 0;
		};
/* End PBXResourcesBuildPhase section */

/* Begin PBXSourcesBuildPhase section */
		9D547C0822CA0CAF001D8872 /* Sources */ = {
			isa = PBXSourcesBuildPhase;
			buildActionMask = 2147483647;
			files = (
				9DFEAECE22CA2848000FB757 /* StyleKit.swift in Sources */,
				9DFEAECB22CA2848000FB757 /* UIViewCategory.m in Sources */,
				9DFEAEC722CA2848000FB757 /* HttpUtils.swift in Sources */,
				9DFEAEC522CA2848000FB757 /* iGBSProgressHUD.swift in Sources */,
				9DFEAECA22CA2848000FB757 /* UILabelExtensions.swift in Sources */,
				9DFEAEC622CA2848000FB757 /* MBProgressHUD.m in Sources */,
				9DFEAEB522CA2094000FB757 /* UIViewControllerCategory.swift in Sources */,
				9D70BCC422CA3FEC00EF18AD /* Constants.swift in Sources */,
				9DFEAEB222CA1F52000FB757 /* LoginViewController.swift in Sources */,
				9D70BCC322CA3FEC00EF18AD /* AppSettings.swift in Sources */,
				9DFEAEC822CA2848000FB757 /* DataExtension.swift in Sources */,
				9D547C3F22CA0D48001D8872 /* RegistrationViewController.swift in Sources */,
				9DFEAEC922CA2848000FB757 /* HitTestView.swift in Sources */,
				9D547C1022CA0CAF001D8872 /* AppDelegate.swift in Sources */,
				9DFEAECC22CA2848000FB757 /* UIColor+extensions.swift in Sources */,
				9D70BCC722CA472300EF18AD /* StringCategory.swift in Sources */,
				9DFEAED022CA2848000FB757 /* HttpOperation.swift in Sources */,
			);
			runOnlyForDeploymentPostprocessing = 0;
		};
		9D547C1C22CA0CB1001D8872 /* Sources */ = {
			isa = PBXSourcesBuildPhase;
			buildActionMask = 2147483647;
			files = (
				9D547C2522CA0CB1001D8872 /* alignDevTests.swift in Sources */,
			);
			runOnlyForDeploymentPostprocessing = 0;
		};
		9D547C2722CA0CB1001D8872 /* Sources */ = {
			isa = PBXSourcesBuildPhase;
			buildActionMask = 2147483647;
			files = (
				9D547C3022CA0CB1001D8872 /* alignDevUITests.swift in Sources */,
			);
			runOnlyForDeploymentPostprocessing = 0;
		};
/* End PBXSourcesBuildPhase section */

/* Begin PBXTargetDependency section */
		9D547C2222CA0CB1001D8872 /* PBXTargetDependency */ = {
			isa = PBXTargetDependency;
			target = 9D547C0B22CA0CAF001D8872 /* alignDev */;
			targetProxy = 9D547C2122CA0CB1001D8872 /* PBXContainerItemProxy */;
		};
		9D547C2D22CA0CB1001D8872 /* PBXTargetDependency */ = {
			isa = PBXTargetDependency;
			target = 9D547C0B22CA0CAF001D8872 /* alignDev */;
			targetProxy = 9D547C2C22CA0CB1001D8872 /* PBXContainerItemProxy */;
		};
/* End PBXTargetDependency section */

/* Begin PBXVariantGroup section */
		9D547C1322CA0CAF001D8872 /* Main.storyboard */ = {
			isa = PBXVariantGroup;
			children = (
				9D547C1422CA0CAF001D8872 /* Base */,
			);
			name = Main.storyboard;
			sourceTree = "<group>";
		};
		9D547C1822CA0CB1001D8872 /* LaunchScreen.storyboard */ = {
			isa = PBXVariantGroup;
			children = (
				9D547C1922CA0CB1001D8872 /* Base */,
			);
			name = LaunchScreen.storyboard;
			sourceTree = "<group>";
		};
/* End PBXVariantGroup section */

/* Begin XCBuildConfiguration section */
		9D547C3222CA0CB1001D8872 /* Debug */ = {
			isa = XCBuildConfiguration;
			buildSettings = {
				ALWAYS_SEARCH_USER_PATHS = NO;
				CLANG_ANALYZER_NONNULL = YES;
				CLANG_ANALYZER_NUMBER_OBJECT_CONVERSION = YES_AGGRESSIVE;
				CLANG_CXX_LANGUAGE_STANDARD = "gnu++14";
				CLANG_CXX_LIBRARY = "libc++";
				CLANG_ENABLE_MODULES = YES;
				CLANG_ENABLE_OBJC_ARC = YES;
				CLANG_ENABLE_OBJC_WEAK = YES;
				CLANG_WARN_BLOCK_CAPTURE_AUTORELEASING = YES;
				CLANG_WARN_BOOL_CONVERSION = YES;
				CLANG_WARN_COMMA = YES;
				CLANG_WARN_CONSTANT_CONVERSION = YES;
				CLANG_WARN_DEPRECATED_OBJC_IMPLEMENTATIONS = YES;
				CLANG_WARN_DIRECT_OBJC_ISA_USAGE = YES_ERROR;
				CLANG_WARN_DOCUMENTATION_COMMENTS = YES;
				CLANG_WARN_EMPTY_BODY = YES;
				CLANG_WARN_ENUM_CONVERSION = YES;
				CLANG_WARN_INFINITE_RECURSION = YES;
				CLANG_WARN_INT_CONVERSION = YES;
				CLANG_WARN_NON_LITERAL_NULL_CONVERSION = YES;
				CLANG_WARN_OBJC_IMPLICIT_RETAIN_SELF = YES;
				CLANG_WARN_OBJC_LITERAL_CONVERSION = YES;
				CLANG_WARN_OBJC_ROOT_CLASS = YES_ERROR;
				CLANG_WARN_RANGE_LOOP_ANALYSIS = YES;
				CLANG_WARN_STRICT_PROTOTYPES = YES;
				CLANG_WARN_SUSPICIOUS_MOVE = YES;
				CLANG_WARN_UNGUARDED_AVAILABILITY = YES_AGGRESSIVE;
				CLANG_WARN_UNREACHABLE_CODE = YES;
				CLANG_WARN__DUPLICATE_METHOD_MATCH = YES;
				CODE_SIGN_IDENTITY = "iPhone Developer";
				COPY_PHASE_STRIP = NO;
				DEBUG_INFORMATION_FORMAT = dwarf;
				ENABLE_STRICT_OBJC_MSGSEND = YES;
				ENABLE_TESTABILITY = YES;
				GCC_C_LANGUAGE_STANDARD = gnu11;
				GCC_DYNAMIC_NO_PIC = NO;
				GCC_NO_COMMON_BLOCKS = YES;
				GCC_OPTIMIZATION_LEVEL = 0;
				GCC_PREPROCESSOR_DEFINITIONS = (
					"DEBUG=1",
					"$(inherited)",
				);
				GCC_WARN_64_TO_32_BIT_CONVERSION = YES;
				GCC_WARN_ABOUT_RETURN_TYPE = YES_ERROR;
				GCC_WARN_UNDECLARED_SELECTOR = YES;
				GCC_WARN_UNINITIALIZED_AUTOS = YES_AGGRESSIVE;
				GCC_WARN_UNUSED_FUNCTION = YES;
				GCC_WARN_UNUSED_VARIABLE = YES;
				IPHONEOS_DEPLOYMENT_TARGET = 12.1;
				MTL_ENABLE_DEBUG_INFO = INCLUDE_SOURCE;
				MTL_FAST_MATH = YES;
				ONLY_ACTIVE_ARCH = YES;
				SDKROOT = iphoneos;
				SWIFT_ACTIVE_COMPILATION_CONDITIONS = DEBUG;
				SWIFT_OPTIMIZATION_LEVEL = "-Onone";
			};
			name = Debug;
		};
		9D547C3322CA0CB1001D8872 /* Release */ = {
			isa = XCBuildConfiguration;
			buildSettings = {
				ALWAYS_SEARCH_USER_PATHS = NO;
				CLANG_ANALYZER_NONNULL = YES;
				CLANG_ANALYZER_NUMBER_OBJECT_CONVERSION = YES_AGGRESSIVE;
				CLANG_CXX_LANGUAGE_STANDARD = "gnu++14";
				CLANG_CXX_LIBRARY = "libc++";
				CLANG_ENABLE_MODULES = YES;
				CLANG_ENABLE_OBJC_ARC = YES;
				CLANG_ENABLE_OBJC_WEAK = YES;
				CLANG_WARN_BLOCK_CAPTURE_AUTORELEASING = YES;
				CLANG_WARN_BOOL_CONVERSION = YES;
				CLANG_WARN_COMMA = YES;
				CLANG_WARN_CONSTANT_CONVERSION = YES;
				CLANG_WARN_DEPRECATED_OBJC_IMPLEMENTATIONS = YES;
				CLANG_WARN_DIRECT_OBJC_ISA_USAGE = YES_ERROR;
				CLANG_WARN_DOCUMENTATION_COMMENTS = YES;
				CLANG_WARN_EMPTY_BODY = YES;
				CLANG_WARN_ENUM_CONVERSION = YES;
				CLANG_WARN_INFINITE_RECURSION = YES;
				CLANG_WARN_INT_CONVERSION = YES;
				CLANG_WARN_NON_LITERAL_NULL_CONVERSION = YES;
				CLANG_WARN_OBJC_IMPLICIT_RETAIN_SELF = YES;
				CLANG_WARN_OBJC_LITERAL_CONVERSION = YES;
				CLANG_WARN_OBJC_ROOT_CLASS = YES_ERROR;
				CLANG_WARN_RANGE_LOOP_ANALYSIS = YES;
				CLANG_WARN_STRICT_PROTOTYPES = YES;
				CLANG_WARN_SUSPICIOUS_MOVE = YES;
				CLANG_WARN_UNGUARDED_AVAILABILITY = YES_AGGRESSIVE;
				CLANG_WARN_UNREACHABLE_CODE = YES;
				CLANG_WARN__DUPLICATE_METHOD_MATCH = YES;
				CODE_SIGN_IDENTITY = "iPhone Developer";
				COPY_PHASE_STRIP = NO;
				DEBUG_INFORMATION_FORMAT = "dwarf-with-dsym";
				ENABLE_NS_ASSERTIONS = NO;
				ENABLE_STRICT_OBJC_MSGSEND = YES;
				GCC_C_LANGUAGE_STANDARD = gnu11;
				GCC_NO_COMMON_BLOCKS = YES;
				GCC_WARN_64_TO_32_BIT_CONVERSION = YES;
				GCC_WARN_ABOUT_RETURN_TYPE = YES_ERROR;
				GCC_WARN_UNDECLARED_SELECTOR = YES;
				GCC_WARN_UNINITIALIZED_AUTOS = YES_AGGRESSIVE;
				GCC_WARN_UNUSED_FUNCTION = YES;
				GCC_WARN_UNUSED_VARIABLE = YES;
				IPHONEOS_DEPLOYMENT_TARGET = 12.1;
				MTL_ENABLE_DEBUG_INFO = NO;
				MTL_FAST_MATH = YES;
				SDKROOT = iphoneos;
				SWIFT_COMPILATION_MODE = wholemodule;
				SWIFT_OPTIMIZATION_LEVEL = "-O";
				VALIDATE_PRODUCT = YES;
			};
			name = Release;
		};
		9D547C3522CA0CB1001D8872 /* Debug */ = {
			isa = XCBuildConfiguration;
			buildSettings = {
				ASSETCATALOG_COMPILER_APPICON_NAME = AppIcon;
				CLANG_ENABLE_MODULES = YES;
				CODE_SIGN_STYLE = Automatic;
				INFOPLIST_FILE = alignDev/Info.plist;
				LD_RUNPATH_SEARCH_PATHS = (
					"$(inherited)",
					"@executable_path/Frameworks",
				);
				PRODUCT_BUNDLE_IDENTIFIER = com.align.dev.alignDev;
				PRODUCT_NAME = "$(TARGET_NAME)";
				SWIFT_OBJC_BRIDGING_HEADER = "alignDev/Utils/alignDev-Bridging-Header.h";
				SWIFT_OPTIMIZATION_LEVEL = "-Onone";
				SWIFT_VERSION = 4.2;
				TARGETED_DEVICE_FAMILY = "1,2";
			};
			name = Debug;
		};
		9D547C3622CA0CB1001D8872 /* Release */ = {
			isa = XCBuildConfiguration;
			buildSettings = {
				ASSETCATALOG_COMPILER_APPICON_NAME = AppIcon;
				CLANG_ENABLE_MODULES = YES;
				CODE_SIGN_STYLE = Automatic;
				INFOPLIST_FILE = alignDev/Info.plist;
				LD_RUNPATH_SEARCH_PATHS = (
					"$(inherited)",
					"@executable_path/Frameworks",
				);
				PRODUCT_BUNDLE_IDENTIFIER = com.align.dev.alignDev;
				PRODUCT_NAME = "$(TARGET_NAME)";
				SWIFT_OBJC_BRIDGING_HEADER = "alignDev/Utils/alignDev-Bridging-Header.h";
				SWIFT_VERSION = 4.2;
				TARGETED_DEVICE_FAMILY = "1,2";
			};
			name = Release;
		};
		9D547C3822CA0CB1001D8872 /* Debug */ = {
			isa = XCBuildConfiguration;
			buildSettings = {
				ALWAYS_EMBED_SWIFT_STANDARD_LIBRARIES = YES;
				BUNDLE_LOADER = "$(TEST_HOST)";
				CODE_SIGN_STYLE = Automatic;
				INFOPLIST_FILE = alignDevTests/Info.plist;
				LD_RUNPATH_SEARCH_PATHS = (
					"$(inherited)",
					"@executable_path/Frameworks",
					"@loader_path/Frameworks",
				);
				PRODUCT_BUNDLE_IDENTIFIER = com.align.dev.alignDevTests;
				PRODUCT_NAME = "$(TARGET_NAME)";
				SWIFT_VERSION = 4.2;
				TARGETED_DEVICE_FAMILY = "1,2";
				TEST_HOST = "$(BUILT_PRODUCTS_DIR)/alignDev.app/alignDev";
			};
			name = Debug;
		};
		9D547C3922CA0CB1001D8872 /* Release */ = {
			isa = XCBuildConfiguration;
			buildSettings = {
				ALWAYS_EMBED_SWIFT_STANDARD_LIBRARIES = YES;
				BUNDLE_LOADER = "$(TEST_HOST)";
				CODE_SIGN_STYLE = Automatic;
				INFOPLIST_FILE = alignDevTests/Info.plist;
				LD_RUNPATH_SEARCH_PATHS = (
					"$(inherited)",
					"@executable_path/Frameworks",
					"@loader_path/Frameworks",
				);
				PRODUCT_BUNDLE_IDENTIFIER = com.align.dev.alignDevTests;
				PRODUCT_NAME = "$(TARGET_NAME)";
				SWIFT_VERSION = 4.2;
				TARGETED_DEVICE_FAMILY = "1,2";
				TEST_HOST = "$(BUILT_PRODUCTS_DIR)/alignDev.app/alignDev";
			};
			name = Release;
		};
		9D547C3B22CA0CB1001D8872 /* Debug */ = {
			isa = XCBuildConfiguration;
			buildSettings = {
				ALWAYS_EMBED_SWIFT_STANDARD_LIBRARIES = YES;
				CODE_SIGN_STYLE = Automatic;
				INFOPLIST_FILE = alignDevUITests/Info.plist;
				LD_RUNPATH_SEARCH_PATHS = (
					"$(inherited)",
					"@executable_path/Frameworks",
					"@loader_path/Frameworks",
				);
				PRODUCT_BUNDLE_IDENTIFIER = com.align.dev.alignDevUITests;
				PRODUCT_NAME = "$(TARGET_NAME)";
				SWIFT_VERSION = 4.2;
				TARGETED_DEVICE_FAMILY = "1,2";
				TEST_TARGET_NAME = alignDev;
			};
			name = Debug;
		};
		9D547C3C22CA0CB1001D8872 /* Release */ = {
			isa = XCBuildConfiguration;
			buildSettings = {
				ALWAYS_EMBED_SWIFT_STANDARD_LIBRARIES = YES;
				CODE_SIGN_STYLE = Automatic;
				INFOPLIST_FILE = alignDevUITests/Info.plist;
				LD_RUNPATH_SEARCH_PATHS = (
					"$(inherited)",
					"@executable_path/Frameworks",
					"@loader_path/Frameworks",
				);
				PRODUCT_BUNDLE_IDENTIFIER = com.align.dev.alignDevUITests;
				PRODUCT_NAME = "$(TARGET_NAME)";
				SWIFT_VERSION = 4.2;
				TARGETED_DEVICE_FAMILY = "1,2";
				TEST_TARGET_NAME = alignDev;
			};
			name = Release;
		};
/* End XCBuildConfiguration section */

/* Begin XCConfigurationList section */
		9D547C0722CA0CAF001D8872 /* Build configuration list for PBXProject "alignDev" */ = {
			isa = XCConfigurationList;
			buildConfigurations = (
				9D547C3222CA0CB1001D8872 /* Debug */,
				9D547C3322CA0CB1001D8872 /* Release */,
			);
			defaultConfigurationIsVisible = 0;
			defaultConfigurationName = Release;
		};
		9D547C3422CA0CB1001D8872 /* Build configuration list for PBXNativeTarget "alignDev" */ = {
			isa = XCConfigurationList;
			buildConfigurations = (
				9D547C3522CA0CB1001D8872 /* Debug */,
				9D547C3622CA0CB1001D8872 /* Release */,
			);
			defaultConfigurationIsVisible = 0;
			defaultConfigurationName = Release;
		};
		9D547C3722CA0CB1001D8872 /* Build configuration list for PBXNativeTarget "alignDevTests" */ = {
			isa = XCConfigurationList;
			buildConfigurations = (
				9D547C3822CA0CB1001D8872 /* Debug */,
				9D547C3922CA0CB1001D8872 /* Release */,
			);
			defaultConfigurationIsVisible = 0;
			defaultConfigurationName = Release;
		};
		9D547C3A22CA0CB1001D8872 /* Build configuration list for PBXNativeTarget "alignDevUITests" */ = {
			isa = XCConfigurationList;
			buildConfigurations = (
				9D547C3B22CA0CB1001D8872 /* Debug */,
				9D547C3C22CA0CB1001D8872 /* Release */,
			);
			defaultConfigurationIsVisible = 0;
			defaultConfigurationName = Release;
		};
/* End XCConfigurationList section */
	};
	rootObject = 9D547C0422CA0CAF001D8872 /* Project object */;
}
